
Microsoft Visual Studio Solution File, Format Version 12.00
# Visual Studio 2013
VisualStudioVersion = 12.0.21005.1
MinimumVisualStudioVersion = 10.0.40219.1
Project("{FAE04EC0-301F-11D3-BF4B-00C04F79EFBC}") = "Springing_Background", "Springing_Background\Springing_Background\Springing_Background.csproj", "{7E5FCB2D-5DF6-49A6-8A2B-69383652E51A}"
EndProject
Project("{96E2B04D-8817-42C6-938A-82C39BA4D311}") = "Springing_BackgroundContent", "Springing_Background\Springing_BackgroundContent\Springing_BackgroundContent.contentproj", "{0D809291-B496-45BB-9ABD-7E71885D33DE}"
EndProject
Global
	GlobalSection(SolutionConfigurationPlatforms) = preSolution
		Debug|x86 = Debug|x86
		Release|x86 = Release|x86
	EndGlobalSection
	GlobalSection(ProjectConfigurationPlatforms) = postSolution
		{7E5FCB2D-5DF6-49A6-8A2B-69383652E51A}.Debug|x86.ActiveCfg = Debug|x86
		{7E5FCB2D-5DF6-49A6-8A2B-69383652E51A}.Debug|x86.Build.0 = Debug|x86
		{7E5FCB2D-5DF6-49A6-8A2B-69383652E51A}.Release|x86.ActiveCfg = Release|x86
		{7E5FCB2D-5DF6-49A6-8A2B-69383652E51A}.Release|x86.Build.0 = Release|x86
		{0D809291-B496-45BB-9ABD-7E71885D33DE}.Debug|x86.ActiveCfg = Debug|x86
		{0D809291-B496-45BB-9ABD-7E71885D33DE}.Release|x86.ActiveCfg = Release|x86
	EndGlobalSection
	GlobalSection(SolutionProperties) = preSolution
		HideSolutionNode = FALSE
	EndGlobalSection
EndGlobal
